
Microsoft Visual Studio Solution File, Format Version 12.00
# Visual Studio Version 16
VisualStudioVersion = 16.0.31129.286
MinimumVisualStudioVersion = 10.0.40219.1
Project("{9A19103F-16F7-4668-BE54-9A1E7A4F7556}") = "BasicMvcWebApp", "BasicMvcWebApp\BasicMvcWebApp.csproj", "{DBBD6279-15C2-4FC6-AEFE-4344FAA20706}"
EndProject
Project("{9A19103F-16F7-4668-BE54-9A1E7A4F7556}") = "DbWebApp", "DbWebApp\DbWebApp.csproj", "{8085DDF4-7A39-45FA-9B3C-8F18CDF48506}"
EndProject
Project("{00D1A9C2-B5F0-4AF3-8072-F6C62B433612}") = "MvcWebLab.Database", "MvcWebLab.Database\MvcWebLab.Database.sqlproj", "{D7D1F664-CED4-4EEF-808A-002F29E56F0E}"
EndProject
Project("{FAE04EC0-301F-11D3-BF4B-00C04F79EFBC}") = "TodoListWebApp", "TodoListWebApp\TodoListWebApp.csproj", "{E74ADD44-46A3-473E-8826-F89295328B57}"
EndProject
Global
	GlobalSection(SolutionConfigurationPlatforms) = preSolution
		Debug|Any CPU = Debug|Any CPU
		Release|Any CPU = Release|Any CPU
	EndGlobalSection
	GlobalSection(ProjectConfigurationPlatforms) = postSolution
		{DBBD6279-15C2-4FC6-AEFE-4344FAA20706}.Debug|Any CPU.ActiveCfg = Debug|Any CPU
		{DBBD6279-15C2-4FC6-AEFE-4344FAA20706}.Debug|Any CPU.Build.0 = Debug|Any CPU
		{DBBD6279-15C2-4FC6-AEFE-4344FAA20706}.Release|Any CPU.ActiveCfg = Release|Any CPU
		{DBBD6279-15C2-4FC6-AEFE-4344FAA20706}.Release|Any CPU.Build.0 = Release|Any CPU
		{8085DDF4-7A39-45FA-9B3C-8F18CDF48506}.Debug|Any CPU.ActiveCfg = Debug|Any CPU
		{8085DDF4-7A39-45FA-9B3C-8F18CDF48506}.Debug|Any CPU.Build.0 = Debug|Any CPU
		{8085DDF4-7A39-45FA-9B3C-8F18CDF48506}.Release|Any CPU.ActiveCfg = Release|Any CPU
		{8085DDF4-7A39-45FA-9B3C-8F18CDF48506}.Release|Any CPU.Build.0 = Release|Any CPU
		{D7D1F664-CED4-4EEF-808A-002F29E56F0E}.Debug|Any CPU.ActiveCfg = Debug|Any CPU
		{D7D1F664-CED4-4EEF-808A-002F29E56F0E}.Debug|Any CPU.Build.0 = Debug|Any CPU
		{D7D1F664-CED4-4EEF-808A-002F29E56F0E}.Debug|Any CPU.Deploy.0 = Debug|Any CPU
		{D7D1F664-CED4-4EEF-808A-002F29E56F0E}.Release|Any CPU.ActiveCfg = Release|Any CPU
		{D7D1F664-CED4-4EEF-808A-002F29E56F0E}.Release|Any CPU.Build.0 = Release|Any CPU
		{D7D1F664-CED4-4EEF-808A-002F29E56F0E}.Release|Any CPU.Deploy.0 = Release|Any CPU
		{E74ADD44-46A3-473E-8826-F89295328B57}.Debug|Any CPU.ActiveCfg = Debug|Any CPU
		{E74ADD44-46A3-473E-8826-F89295328B57}.Debug|Any CPU.Build.0 = Debug|Any CPU
		{E74ADD44-46A3-473E-8826-F89295328B57}.Release|Any CPU.ActiveCfg = Release|Any CPU
		{E74ADD44-46A3-473E-8826-F89295328B57}.Release|Any CPU.Build.0 = Release|Any CPU
	EndGlobalSection
	GlobalSection(SolutionProperties) = preSolution
		HideSolutionNode = FALSE
	EndGlobalSection
	GlobalSection(ExtensibilityGlobals) = postSolution
		SolutionGuid = {1E5EED19-5488-4DD9-B653-B5FFCA44E818}
	EndGlobalSection
EndGlobal
